{
  "name": "@dylan-buck/grokbuild-plugin-cc",
  "version": "1.0.1",
  "lockfileVersion": 3,
  "requires": true,
  "packages": {
    "": {
      "name": "@dylan-buck/grokbuild-plugin-cc",
      "version": "1.0.1",
      "license": "Apache-2.0",
      "engines": {
        "node": ">=18.18.0"
      }
    }
  }
}
